
Microsoft Visual Studio Solution File, Format Version 12.00
# Visual Studio 2013
VisualStudioVersion = 12.0.21005.1
MinimumVisualStudioVersion = 10.0.40219.1
Project("{FAE04EC0-301F-11D3-BF4B-00C04F79EFBC}") = "bank", "bank\bank.csproj", "{7BA69E73-D785-4C10-B080-01556DCDB7B6}"
EndProject
Project("{FAE04EC0-301F-11D3-BF4B-00C04F79EFBC}") = "UnitTestProject1", "UnitTestProject1\UnitTestProject1.csproj", "{5E059630-DF8C-46D5-A884-89F1E026EEDE}"
EndProject
Global
	GlobalSection(SolutionConfigurationPlatforms) = preSolution
		Debug|Any CPU = Debug|Any CPU
		Release|Any CPU = Release|Any CPU
	EndGlobalSection
	GlobalSection(ProjectConfigurationPlatforms) = postSolution
		{7BA69E73-D785-4C10-B080-01556DCDB7B6}.Debug|Any CPU.ActiveCfg = Debug|Any CPU
		{7BA69E73-D785-4C10-B080-01556DCDB7B6}.Debug|Any CPU.Build.0 = Debug|Any CPU
		{7BA69E73-D785-4C10-B080-01556DCDB7B6}.Release|Any CPU.ActiveCfg = Release|Any CPU
		{7BA69E73-D785-4C10-B080-01556DCDB7B6}.Release|Any CPU.Build.0 = Release|Any CPU
		{5E059630-DF8C-46D5-A884-89F1E026EEDE}.Debug|Any CPU.ActiveCfg = Debug|Any CPU
		{5E059630-DF8C-46D5-A884-89F1E026EEDE}.Debug|Any CPU.Build.0 = Debug|Any CPU
		{5E059630-DF8C-46D5-A884-89F1E026EEDE}.Release|Any CPU.ActiveCfg = Release|Any CPU
		{5E059630-DF8C-46D5-A884-89F1E026EEDE}.Release|Any CPU.Build.0 = Release|Any CPU
	EndGlobalSection
	GlobalSection(SolutionProperties) = preSolution
		HideSolutionNode = FALSE
	EndGlobalSection
EndGlobal
